// !$*UTF8*$!
{
	archiveVersion = 1;
	classes = {
	};
	objectVersion = 77;
	objects = {

/* Begin PBXBuildFile section */
		0354DE932303F7555F386724 /* SignalingMessage.swift in Sources */ = {isa = PBXBuildFile; fileRef = AE04A1DB682ED317D9D635D2 /* SignalingMessage.swift */; };
		06569C1005894C5F909A5E51 /* ProfileViewModel.swift in Sources */ = {isa = PBXBuildFile; fileRef = 2CD8E53E91B821BFA6241C75 /* ProfileViewModel.swift */; };
		0BDC43DADABB9F70FD83EA85 /* SyncEvents.swift in Sources */ = {isa = PBXBuildFile; fileRef = 69EFAF1B4BDDE2A404146460 /* SyncEvents.swift */; };
		0D1985946345B54B6A0FCAC0 /* HapticManager.swift in Sources */ = {isa = PBXBuildFile; fileRef = 5CCC092A3544AF18A3C56F64 /* HapticManager.swift */; };
		0F8D98351BD5A0DC7250DB62 /* PremiumStatusManager.swift in Sources */ = {isa = PBXBuildFile; fileRef = BFD09B94110AB106DEB02E07 /* PremiumStatusManager.swift */; };
		139DDB3645896E8C385602B8 /* RoomService.swift in Sources */ = {isa = PBXBuildFile; fileRef = 6016458868CD9D40E7843C47 /* RoomService.swift */; };
		184D3F46C6097A30D65BC209 /* YandexAuthService.swift in Sources */ = {isa = PBXBuildFile; fileRef = 0B276124E97B662B184CEFF9 /* YandexAuthService.swift */; };
		1A3CBD5B09F4378611C4B801 /* ServiceProtocol.swift in Sources */ = {isa = PBXBuildFile; fileRef = A95F4B5B35AEFD586A1324A1 /* ServiceProtocol.swift */; };
		1DDE05BA232E8498047005CA /* User.swift in Sources */ = {isa = PBXBuildFile; fileRef = 8643D31675EED3B5AAF2A25E /* User.swift */; };
		26ACE5D046D5E23D8F20A323 /* RaveCloneApp.swift in Sources */ = {isa = PBXBuildFile; fileRef = 60D729B17F73B8CC1AE43890 /* RaveCloneApp.swift */; };
		2CD855431CBFFFC854BAAC45 /* DeepLinkRouter.swift in Sources */ = {isa = PBXBuildFile; fileRef = 130E20A853F66B9B554BB1C4 /* DeepLinkRouter.swift */; };
		2E7B0E21130ACFF43932DEBE /* ReactionOverlayView.swift in Sources */ = {isa = PBXBuildFile; fileRef = E4F234FC67FF722630804733 /* ReactionOverlayView.swift */; };
		2F547B267E3E44139D194635 /* RoomCreationView.swift in Sources */ = {isa = PBXBuildFile; fileRef = 6E0835B72E8AF928E8A4E539 /* RoomCreationView.swift */; };
		3013406E55FF740CDBA7AE57 /* AudioManager.swift in Sources */ = {isa = PBXBuildFile; fileRef = C6DB687CED83B7DC7C2904BD /* AudioManager.swift */; };
		3BFF641178503BCED9BC09A1 /* MainTabView.swift in Sources */ = {isa = PBXBuildFile; fileRef = 8A98667B302B6FB106F2AEC1 /* MainTabView.swift */; };
		3D945CCCB7E79CC70DDB5682 /* Friendship.swift in Sources */ = {isa = PBXBuildFile; fileRef = 23CC9F75B6414DDBB9E55C39 /* Friendship.swift */; };
		3DE39C12C944E764D07E84C2 /* SignalingClient.swift in Sources */ = {isa = PBXBuildFile; fileRef = 7F02E1A90CDC906605B76413 /* SignalingClient.swift */; };
		49763472864AE37C80CFBBE3 /* DanmakuView.swift in Sources */ = {isa = PBXBuildFile; fileRef = 979D84DA0CEED65F42AC7EA7 /* DanmakuView.swift */; };
		4E4E6084769486D653EC6A37 /* AuthService.swift in Sources */ = {isa = PBXBuildFile; fileRef = 334758CC9C1B18F18A869882 /* AuthService.swift */; };
		4EF070277E53AB322675AC07 /* VideoService.swift in Sources */ = {isa = PBXBuildFile; fileRef = E1F82656721D83A63250E5CA /* VideoService.swift */; };
		50B075591935D650B0C10DA9 /* LocalizationManager.swift in Sources */ = {isa = PBXBuildFile; fileRef = C8567ECE49A3BF83BDE5E907 /* LocalizationManager.swift */; };
		5111A322DDD7646EBF2D8C4F /* DirectMessage.swift in Sources */ = {isa = PBXBuildFile; fileRef = 68DAF438B10492F3C169E23A /* DirectMessage.swift */; };
		5696E16FA094A48C9C026683 /* ProfileView.swift in Sources */ = {isa = PBXBuildFile; fileRef = D59FA348EF1BEA0CC84F09F1 /* ProfileView.swift */; };
		5C1FCA5E90A00770972EDEA0 /* ScreenCaptureService.swift in Sources */ = {isa = PBXBuildFile; fileRef = BAC66861B9659C2C5FF25422 /* ScreenCaptureService.swift */; };
		5D4C89DCF5C08B1823100926 /* VideoContainerView.swift in Sources */ = {isa = PBXBuildFile; fileRef = 85D93472A50EA204B6B7FC40 /* VideoContainerView.swift */; };
		5F40D410A597E08BCCE7BBD0 /* APIClient.swift in Sources */ = {isa = PBXBuildFile; fileRef = 9A147FEE0746A2507EA69A0F /* APIClient.swift */; };
		61FA509C65FAC2E2D7CC9513 /* PrivacySettingsView.swift in Sources */ = {isa = PBXBuildFile; fileRef = 994633B0C2AFC1C09204D179 /* PrivacySettingsView.swift */; };
		62574409449EFE9F5C316A6F /* ChatSlidePanel.swift in Sources */ = {isa = PBXBuildFile; fileRef = 4D55C6B0520EF2F1AA17FA04 /* ChatSlidePanel.swift */; };
		63359024DD4086B40DC9FE15 /* OrientationManager.swift in Sources */ = {isa = PBXBuildFile; fileRef = 117A1A448D6BB74CA13AA750 /* OrientationManager.swift */; };
		6550348488CA723607FC397A /* ParticipantListView.swift in Sources */ = {isa = PBXBuildFile; fileRef = 940F016B87C522152D6291E1 /* ParticipantListView.swift */; };
		69A3790D4EBF53B4AC5FE92B /* RoomViewModel.swift in Sources */ = {isa = PBXBuildFile; fileRef = 653AA1ADB7DB9D61507C8A77 /* RoomViewModel.swift */; };
		6BC133763F9F207B5D523A65 /* LandscapeChatOverlay.swift in Sources */ = {isa = PBXBuildFile; fileRef = E59E9F97B53360C927E4676F /* LandscapeChatOverlay.swift */; };
		70356C90AD99AFEFC120C038 /* DMChatService.swift in Sources */ = {isa = PBXBuildFile; fileRef = 3F9C12F8F5FF93A608A67825 /* DMChatService.swift */; };
		736410B55193897EB5C64585 /* FriendsView.swift in Sources */ = {isa = PBXBuildFile; fileRef = F0F5717CDB94AEF934CBCD5A /* FriendsView.swift */; };
		80FFC8F1D0BFD1F78CCED063 /* WebSocketClient.swift in Sources */ = {isa = PBXBuildFile; fileRef = 905CD4A1F76C127D9B4DC411 /* WebSocketClient.swift */; };
		81CF31847702C2B178AAF40E /* SyncIndicator.swift in Sources */ = {isa = PBXBuildFile; fileRef = 4BFCE9BDEEF773EBC57EC6FF /* SyncIndicator.swift */; };
		8282FE99D0BE382628DD98F1 /* ChatView.swift in Sources */ = {isa = PBXBuildFile; fileRef = 48A3617681D1A333CBF82970 /* ChatView.swift */; };
		82B385BD67B0F4120CE0EEFC /* View+Extensions.swift in Sources */ = {isa = PBXBuildFile; fileRef = 563675CEE45634D681E69A7C /* View+Extensions.swift */; };
		84FE4CE0D74F1D62F6C37554 /* StreamReceiver.swift in Sources */ = {isa = PBXBuildFile; fileRef = D238ABE7490C3A6164676B52 /* StreamReceiver.swift */; };
		88465912151516CA1A001497 /* PaywallView.swift in Sources */ = {isa = PBXBuildFile; fileRef = 26A9678B405C48BA0677155C /* PaywallView.swift */; };
		88877BF0880B25040FAD75C2 /* YouTubeSearchService.swift in Sources */ = {isa = PBXBuildFile; fileRef = 8FD533DD1C11BCABFB5D4877 /* YouTubeSearchService.swift */; };
		908BA3D3F6EE2381FBD873C3 /* WebRTCConfig.swift in Sources */ = {isa = PBXBuildFile; fileRef = BDE96074AAED77678F4CBD8E /* WebRTCConfig.swift */; };
		946C357DF18F52D115DDFB12 /* FriendManager.swift in Sources */ = {isa = PBXBuildFile; fileRef = 6DE0E6C2A79734B47DD97548 /* FriendManager.swift */; };
		94CBE8FF40C415DC82F12BD4 /* FloatingChatButton.swift in Sources */ = {isa = PBXBuildFile; fileRef = D0AC34EB654A85186BD15827 /* FloatingChatButton.swift */; };
		9509B0CD5DFE3AC0BA4E2C2A /* ShareManager.swift in Sources */ = {isa = PBXBuildFile; fileRef = B085967BE3BBB62A5808F427 /* ShareManager.swift */; };
		9BABF5C51E7A49AC0C2E9B7F /* SyncEngine.swift in Sources */ = {isa = PBXBuildFile; fileRef = E128C8B765B0C020EC0EA191 /* SyncEngine.swift */; };
		9D18BA499326488E23ADB91A /* UserBlockManager.swift in Sources */ = {isa = PBXBuildFile; fileRef = 30FEB1ACC9E19F4A83FB50BB /* UserBlockManager.swift */; };
		9E8D1CE4828BA9D29A4732DF /* RoomView.swift in Sources */ = {isa = PBXBuildFile; fileRef = EEE9849758525D915AE3C36D /* RoomView.swift */; };
		A036897143716AE11A292A9B /* DMChatView.swift in Sources */ = {isa = PBXBuildFile; fileRef = 9BFF4B8FE1436FC3310F64BE /* DMChatView.swift */; };
		A7F6E356CF803AC809763DE9 /* ServiceSelectionView.swift in Sources */ = {isa = PBXBuildFile; fileRef = 460593308AF8A7BB9BC5A591 /* ServiceSelectionView.swift */; };
		AD574DB171CC3A8A6F941DF1 /* LanguagePickerView.swift in Sources */ = {isa = PBXBuildFile; fileRef = 53FC4B8153D841B98948E9EB /* LanguagePickerView.swift */; };
		B18B96046E8F4AB061E711D7 /* Logger.swift in Sources */ = {isa = PBXBuildFile; fileRef = 4E076EB5DF9A029A54D2597A /* Logger.swift */; };
		B1A917A762FE12964E70E14F /* RoomCardView.swift in Sources */ = {isa = PBXBuildFile; fileRef = A85081D0400E25C7B4A44DC5 /* RoomCardView.swift */; };
		B1B5F45D26F2139B2C94E0AB /* YouTubeSearchView.swift in Sources */ = {isa = PBXBuildFile; fileRef = 8C6F2572A4BF3D7EC6BA53A6 /* YouTubeSearchView.swift */; };
		B61ED406F6B357C0B0765FA9 /* FriendProfileView.swift in Sources */ = {isa = PBXBuildFile; fileRef = D95FDA47DB086FA69976C776 /* FriendProfileView.swift */; };
		B89D1F44C1C3CD62C8DAD980 /* RoomChatView.swift in Sources */ = {isa = PBXBuildFile; fileRef = 9969128144CA8E87D0977712 /* RoomChatView.swift */; };
		B9CC9ACFDB99184229E2DFB9 /* MarqueeMessageView.swift in Sources */ = {isa = PBXBuildFile; fileRef = 082CBB1C454B715B312F76F9 /* MarqueeMessageView.swift */; };
		BB99441DCDC7B8CD68911CD2 /* HomeViewModel.swift in Sources */ = {isa = PBXBuildFile; fileRef = 7C8584FEDE27650A9DAF7415 /* HomeViewModel.swift */; };
		BD80FBF72D848EA14C0A590C /* SyncState.swift in Sources */ = {isa = PBXBuildFile; fileRef = 9FC3F8AF009D602EAE1F1462 /* SyncState.swift */; };
		C378A0ADB1B162696B5FDB7F /* CreateRoomView.swift in Sources */ = {isa = PBXBuildFile; fileRef = D2E4431C59D597BF52127A83 /* CreateRoomView.swift */; };
		C3B2E96EF57378BFDA87B7B5 /* VoiceChatButton.swift in Sources */ = {isa = PBXBuildFile; fileRef = F2FA8E5CBB81D85E79811B71 /* VoiceChatButton.swift */; };
		C3BE0417A751D01ED19575AF /* AdPlayerView.swift in Sources */ = {isa = PBXBuildFile; fileRef = CEB696B6DAC721FCDE126ED7 /* AdPlayerView.swift */; };
		C6651DA6FA885CF31242ABA5 /* AdSessionManager.swift in Sources */ = {isa = PBXBuildFile; fileRef = 51FA248F2F9245F3A5F7EF3C /* AdSessionManager.swift */; };
		C8174161996E4A595E342480 /* TrendingCardView.swift in Sources */ = {isa = PBXBuildFile; fileRef = C49AC877BD59A0B007B8402F /* TrendingCardView.swift */; };
		C9BA46FA8AA81450EDD18F15 /* MediaItem.swift in Sources */ = {isa = PBXBuildFile; fileRef = 4A47C1A6896E7A3B833F757F /* MediaItem.swift */; };
		CB29E66E091FDBA651AB41BE /* Room.swift in Sources */ = {isa = PBXBuildFile; fileRef = 9CCB9B759C386930C5A831CA /* Room.swift */; };
		CB2FF0009F8F3DDC33706A09 /* Message.swift in Sources */ = {isa = PBXBuildFile; fileRef = D7857FDB754AF93473F323A2 /* Message.swift */; };
		CFDC4BF3FAC850CD01D1C937 /* AuthViewModel.swift in Sources */ = {isa = PBXBuildFile; fileRef = 85649F83D4A3F2BA66DAED0C /* AuthViewModel.swift */; };
		D39924FCE51CD12E179B1B7B /* HomeView.swift in Sources */ = {isa = PBXBuildFile; fileRef = F2F31B02B5B562C605813ADF /* HomeView.swift */; };
		D561A49969C3750DDBFA52B1 /* PrivacyInfo.xcprivacy in Resources */ = {isa = PBXBuildFile; fileRef = 9430F25D9F6836093F3D36EE /* PrivacyInfo.xcprivacy */; };
		D5F34814A0665739C68C02C7 /* WatchHistory.swift in Sources */ = {isa = PBXBuildFile; fileRef = 7CB5126BC98CA0E1266D5552 /* WatchHistory.swift */; };
		D71DFBAE73919705F0D9AA90 /* Color+Theme.swift in Sources */ = {isa = PBXBuildFile; fileRef = C94BD4671B6CE3AB18722700 /* Color+Theme.swift */; };
		DEFB9DBE4E85C285281737F8 /* MediaService.swift in Sources */ = {isa = PBXBuildFile; fileRef = DED94BC8228F9DAAA9BF906D /* MediaService.swift */; };
		E1579949B0C31E39540C2A0E /* NotificationsView.swift in Sources */ = {isa = PBXBuildFile; fileRef = 1F0B187E251A2FDE35BF68E7 /* NotificationsView.swift */; };
		E26F51CE67242D59991AC03A /* StoreManager.swift in Sources */ = {isa = PBXBuildFile; fileRef = 238F4F0FC946AB8EAD2A9CDF /* StoreManager.swift */; };
		E3EE2F86D54AF8BF882D7BBE /* AmbilightBackground.swift in Sources */ = {isa = PBXBuildFile; fileRef = A726E12C7A3039878A7BB176 /* AmbilightBackground.swift */; };
		E77043056D76FF23DB53EB71 /* ControlsOverlay.swift in Sources */ = {isa = PBXBuildFile; fileRef = 838222038020A14C0DD9440F /* ControlsOverlay.swift */; };
		E8AE51E8993AF8DF4AE4DEC5 /* VoiceChatService.swift in Sources */ = {isa = PBXBuildFile; fileRef = 5C3B97B03F2BD06EF0C6CFEB /* VoiceChatService.swift */; };
		F8117ABC4F18289421795E9A /* RoomSyncManager.swift in Sources */ = {isa = PBXBuildFile; fileRef = FC8007086B50A8CE78651C0D /* RoomSyncManager.swift */; };
		FCDC992D82BA5377030DE26A /* ReactionSpriteOverlay.swift in Sources */ = {isa = PBXBuildFile; fileRef = A87A184CB7457AEE8B1398AC /* ReactionSpriteOverlay.swift */; };
		FCF748DEE7B302FC39CDE341 /* LoginView.swift in Sources */ = {isa = PBXBuildFile; fileRef = 44244A627DEFCD3DA3B0EA81 /* LoginView.swift */; };
		FFD77CD1EAE9919D32190531 /* AnimatedGradientBackground.swift in Sources */ = {isa = PBXBuildFile; fileRef = BC04B45ED594B0302BE32A9C /* AnimatedGradientBackground.swift */; };
/* End PBXBuildFile section */

/* Begin PBXFileReference section */
		082CBB1C454B715B312F76F9 /* MarqueeMessageView.swift */ = {isa = PBXFileReference; lastKnownFileType = sourcecode.swift; path = MarqueeMessageView.swift; sourceTree = "<group>"; };
		0B276124E97B662B184CEFF9 /* YandexAuthService.swift */ = {isa = PBXFileReference; lastKnownFileType = sourcecode.swift; path = YandexAuthService.swift; sourceTree = "<group>"; };
		117A1A448D6BB74CA13AA750 /* OrientationManager.swift */ = {isa = PBXFileReference; lastKnownFileType = sourcecode.swift; path = OrientationManager.swift; sourceTree = "<group>"; };
		130E20A853F66B9B554BB1C4 /* DeepLinkRouter.swift */ = {isa = PBXFileReference; lastKnownFileType = sourcecode.swift; path = DeepLinkRouter.swift; sourceTree = "<group>"; };
		1F0B187E251A2FDE35BF68E7 /* NotificationsView.swift */ = {isa = PBXFileReference; lastKnownFileType = sourcecode.swift; path = NotificationsView.swift; sourceTree = "<group>"; };
		238F4F0FC946AB8EAD2A9CDF /* StoreManager.swift */ = {isa = PBXFileReference; lastKnownFileType = sourcecode.swift; path = StoreManager.swift; sourceTree = "<group>"; };
		23CC9F75B6414DDBB9E55C39 /* Friendship.swift */ = {isa = PBXFileReference; lastKnownFileType = sourcecode.swift; path = Friendship.swift; sourceTree = "<group>"; };
		26A9678B405C48BA0677155C /* PaywallView.swift */ = {isa = PBXFileReference; lastKnownFileType = sourcecode.swift; path = PaywallView.swift; sourceTree = "<group>"; };
		2CD8E53E91B821BFA6241C75 /* ProfileViewModel.swift */ = {isa = PBXFileReference; lastKnownFileType = sourcecode.swift; path = ProfileViewModel.swift; sourceTree = "<group>"; };
		2ED21BFC965729B8C4646346 /* RaveClone.entitlements */ = {isa = PBXFileReference; lastKnownFileType = text.plist.entitlements; path = RaveClone.entitlements; sourceTree = "<group>"; };
		30FEB1ACC9E19F4A83FB50BB /* UserBlockManager.swift */ = {isa = PBXFileReference; lastKnownFileType = sourcecode.swift; path = UserBlockManager.swift; sourceTree = "<group>"; };
		334758CC9C1B18F18A869882 /* AuthService.swift */ = {isa = PBXFileReference; lastKnownFileType = sourcecode.swift; path = AuthService.swift; sourceTree = "<group>"; };
		3F9C12F8F5FF93A608A67825 /* DMChatService.swift */ = {isa = PBXFileReference; lastKnownFileType = sourcecode.swift; path = DMChatService.swift; sourceTree = "<group>"; };
		44244A627DEFCD3DA3B0EA81 /* LoginView.swift */ = {isa = PBXFileReference; lastKnownFileType = sourcecode.swift; path = LoginView.swift; sourceTree = "<group>"; };
		460593308AF8A7BB9BC5A591 /* ServiceSelectionView.swift */ = {isa = PBXFileReference; lastKnownFileType = sourcecode.swift; path = ServiceSelectionView.swift; sourceTree = "<group>"; };
		48A3617681D1A333CBF82970 /* ChatView.swift */ = {isa = PBXFileReference; lastKnownFileType = sourcecode.swift; path = ChatView.swift; sourceTree = "<group>"; };
		4A47C1A6896E7A3B833F757F /* MediaItem.swift */ = {isa = PBXFileReference; lastKnownFileType = sourcecode.swift; path = MediaItem.swift; sourceTree = "<group>"; };
		4BFCE9BDEEF773EBC57EC6FF /* SyncIndicator.swift */ = {isa = PBXFileReference; lastKnownFileType = sourcecode.swift; path = SyncIndicator.swift; sourceTree = "<group>"; };
		4D55C6B0520EF2F1AA17FA04 /* ChatSlidePanel.swift */ = {isa = PBXFileReference; lastKnownFileType = sourcecode.swift; path = ChatSlidePanel.swift; sourceTree = "<group>"; };
		4E076EB5DF9A029A54D2597A /* Logger.swift */ = {isa = PBXFileReference; lastKnownFileType = sourcecode.swift; path = Logger.swift; sourceTree = "<group>"; };
		51FA248F2F9245F3A5F7EF3C /* AdSessionManager.swift */ = {isa = PBXFileReference; lastKnownFileType = sourcecode.swift; path = AdSessionManager.swift; sourceTree = "<group>"; };
		53FC4B8153D841B98948E9EB /* LanguagePickerView.swift */ = {isa = PBXFileReference; lastKnownFileType = sourcecode.swift; path = LanguagePickerView.swift; sourceTree = "<group>"; };
		563675CEE45634D681E69A7C /* View+Extensions.swift */ = {isa = PBXFileReference; lastKnownFileType = sourcecode.swift; path = "View+Extensions.swift"; sourceTree = "<group>"; };
		5C3B97B03F2BD06EF0C6CFEB /* VoiceChatService.swift */ = {isa = PBXFileReference; lastKnownFileType = sourcecode.swift; path = VoiceChatService.swift; sourceTree = "<group>"; };
		5CCC092A3544AF18A3C56F64 /* HapticManager.swift */ = {isa = PBXFileReference; lastKnownFileType = sourcecode.swift; path = HapticManager.swift; sourceTree = "<group>"; };
		6016458868CD9D40E7843C47 /* RoomService.swift */ = {isa = PBXFileReference; lastKnownFileType = sourcecode.swift; path = RoomService.swift; sourceTree = "<group>"; };
		60D729B17F73B8CC1AE43890 /* RaveCloneApp.swift */ = {isa = PBXFileReference; lastKnownFileType = sourcecode.swift; path = RaveCloneApp.swift; sourceTree = "<group>"; };
		653AA1ADB7DB9D61507C8A77 /* RoomViewModel.swift */ = {isa = PBXFileReference; lastKnownFileType = sourcecode.swift; path = RoomViewModel.swift; sourceTree = "<group>"; };
		68DAF438B10492F3C169E23A /* DirectMessage.swift */ = {isa = PBXFileReference; lastKnownFileType = sourcecode.swift; path = DirectMessage.swift; sourceTree = "<group>"; };
		69EFAF1B4BDDE2A404146460 /* SyncEvents.swift */ = {isa = PBXFileReference; lastKnownFileType = sourcecode.swift; path = SyncEvents.swift; sourceTree = "<group>"; };
		6DE0E6C2A79734B47DD97548 /* FriendManager.swift */ = {isa = PBXFileReference; lastKnownFileType = sourcecode.swift; path = FriendManager.swift; sourceTree = "<group>"; };
		6E0835B72E8AF928E8A4E539 /* RoomCreationView.swift */ = {isa = PBXFileReference; lastKnownFileType = sourcecode.swift; path = RoomCreationView.swift; sourceTree = "<group>"; };
		7C8584FEDE27650A9DAF7415 /* HomeViewModel.swift */ = {isa = PBXFileReference; lastKnownFileType = sourcecode.swift; path = HomeViewModel.swift; sourceTree = "<group>"; };
		7CB5126BC98CA0E1266D5552 /* WatchHistory.swift */ = {isa = PBXFileReference; lastKnownFileType = sourcecode.swift; path = WatchHistory.swift; sourceTree = "<group>"; };
		7F02E1A90CDC906605B76413 /* SignalingClient.swift */ = {isa = PBXFileReference; lastKnownFileType = sourcecode.swift; path = SignalingClient.swift; sourceTree = "<group>"; };
		838222038020A14C0DD9440F /* ControlsOverlay.swift */ = {isa = PBXFileReference; lastKnownFileType = sourcecode.swift; path = ControlsOverlay.swift; sourceTree = "<group>"; };
		85649F83D4A3F2BA66DAED0C /* AuthViewModel.swift */ = {isa = PBXFileReference; lastKnownFileType = sourcecode.swift; path = AuthViewModel.swift; sourceTree = "<group>"; };
		85D93472A50EA204B6B7FC40 /* VideoContainerView.swift */ = {isa = PBXFileReference; lastKnownFileType = sourcecode.swift; path = VideoContainerView.swift; sourceTree = "<group>"; };
		8643D31675EED3B5AAF2A25E /* User.swift */ = {isa = PBXFileReference; lastKnownFileType = sourcecode.swift; path = User.swift; sourceTree = "<group>"; };
		8A98667B302B6FB106F2AEC1 /* MainTabView.swift */ = {isa = PBXFileReference; lastKnownFileType = sourcecode.swift; path = MainTabView.swift; sourceTree = "<group>"; };
		8C6F2572A4BF3D7EC6BA53A6 /* YouTubeSearchView.swift */ = {isa = PBXFileReference; lastKnownFileType = sourcecode.swift; path = YouTubeSearchView.swift; sourceTree = "<group>"; };
		8FD533DD1C11BCABFB5D4877 /* YouTubeSearchService.swift */ = {isa = PBXFileReference; lastKnownFileType = sourcecode.swift; path = YouTubeSearchService.swift; sourceTree = "<group>"; };
		905CD4A1F76C127D9B4DC411 /* WebSocketClient.swift */ = {isa = PBXFileReference; lastKnownFileType = sourcecode.swift; path = WebSocketClient.swift; sourceTree = "<group>"; };
		940F016B87C522152D6291E1 /* ParticipantListView.swift */ = {isa = PBXFileReference; lastKnownFileType = sourcecode.swift; path = ParticipantListView.swift; sourceTree = "<group>"; };
		9430F25D9F6836093F3D36EE /* PrivacyInfo.xcprivacy */ = {isa = PBXFileReference; path = PrivacyInfo.xcprivacy; sourceTree = "<group>"; };
		979D84DA0CEED65F42AC7EA7 /* DanmakuView.swift */ = {isa = PBXFileReference; lastKnownFileType = sourcecode.swift; path = DanmakuView.swift; sourceTree = "<group>"; };
		994633B0C2AFC1C09204D179 /* PrivacySettingsView.swift */ = {isa = PBXFileReference; lastKnownFileType = sourcecode.swift; path = PrivacySettingsView.swift; sourceTree = "<group>"; };
		9969128144CA8E87D0977712 /* RoomChatView.swift */ = {isa = PBXFileReference; lastKnownFileType = sourcecode.swift; path = RoomChatView.swift; sourceTree = "<group>"; };
		9A147FEE0746A2507EA69A0F /* APIClient.swift */ = {isa = PBXFileReference; lastKnownFileType = sourcecode.swift; path = APIClient.swift; sourceTree = "<group>"; };
		9BFF4B8FE1436FC3310F64BE /* DMChatView.swift */ = {isa = PBXFileReference; lastKnownFileType = sourcecode.swift; path = DMChatView.swift; sourceTree = "<group>"; };
		9CCB9B759C386930C5A831CA /* Room.swift */ = {isa = PBXFileReference; lastKnownFileType = sourcecode.swift; path = Room.swift; sourceTree = "<group>"; };
		9FC3F8AF009D602EAE1F1462 /* SyncState.swift */ = {isa = PBXFileReference; lastKnownFileType = sourcecode.swift; path = SyncState.swift; sourceTree = "<group>"; };
		A726E12C7A3039878A7BB176 /* AmbilightBackground.swift */ = {isa = PBXFileReference; lastKnownFileType = sourcecode.swift; path = AmbilightBackground.swift; sourceTree = "<group>"; };
		A85081D0400E25C7B4A44DC5 /* RoomCardView.swift */ = {isa = PBXFileReference; lastKnownFileType = sourcecode.swift; path = RoomCardView.swift; sourceTree = "<group>"; };
		A87A184CB7457AEE8B1398AC /* ReactionSpriteOverlay.swift */ = {isa = PBXFileReference; lastKnownFileType = sourcecode.swift; path = ReactionSpriteOverlay.swift; sourceTree = "<group>"; };
		A95F4B5B35AEFD586A1324A1 /* ServiceProtocol.swift */ = {isa = PBXFileReference; lastKnownFileType = sourcecode.swift; path = ServiceProtocol.swift; sourceTree = "<group>"; };
		AE04A1DB682ED317D9D635D2 /* SignalingMessage.swift */ = {isa = PBXFileReference; lastKnownFileType = sourcecode.swift; path = SignalingMessage.swift; sourceTree = "<group>"; };
		B085967BE3BBB62A5808F427 /* ShareManager.swift */ = {isa = PBXFileReference; lastKnownFileType = sourcecode.swift; path = ShareManager.swift; sourceTree = "<group>"; };
		BAC66861B9659C2C5FF25422 /* ScreenCaptureService.swift */ = {isa = PBXFileReference; lastKnownFileType = sourcecode.swift; path = ScreenCaptureService.swift; sourceTree = "<group>"; };
		BC04B45ED594B0302BE32A9C /* AnimatedGradientBackground.swift */ = {isa = PBXFileReference; lastKnownFileType = sourcecode.swift; path = AnimatedGradientBackground.swift; sourceTree = "<group>"; };
		BDE96074AAED77678F4CBD8E /* WebRTCConfig.swift */ = {isa = PBXFileReference; lastKnownFileType = sourcecode.swift; path = WebRTCConfig.swift; sourceTree = "<group>"; };
		BFD09B94110AB106DEB02E07 /* PremiumStatusManager.swift */ = {isa = PBXFileReference; lastKnownFileType = sourcecode.swift; path = PremiumStatusManager.swift; sourceTree = "<group>"; };
		C49AC877BD59A0B007B8402F /* TrendingCardView.swift */ = {isa = PBXFileReference; lastKnownFileType = sourcecode.swift; path = TrendingCardView.swift; sourceTree = "<group>"; };
		C6DB687CED83B7DC7C2904BD /* AudioManager.swift */ = {isa = PBXFileReference; lastKnownFileType = sourcecode.swift; path = AudioManager.swift; sourceTree = "<group>"; };
		C8567ECE49A3BF83BDE5E907 /* LocalizationManager.swift */ = {isa = PBXFileReference; lastKnownFileType = sourcecode.swift; path = LocalizationManager.swift; sourceTree = "<group>"; };
		C94BD4671B6CE3AB18722700 /* Color+Theme.swift */ = {isa = PBXFileReference; lastKnownFileType = sourcecode.swift; path = "Color+Theme.swift"; sourceTree = "<group>"; };
		CEB696B6DAC721FCDE126ED7 /* AdPlayerView.swift */ = {isa = PBXFileReference; lastKnownFileType = sourcecode.swift; path = AdPlayerView.swift; sourceTree = "<group>"; };
		D0AC34EB654A85186BD15827 /* FloatingChatButton.swift */ = {isa = PBXFileReference; lastKnownFileType = sourcecode.swift; path = FloatingChatButton.swift; sourceTree = "<group>"; };
		D238ABE7490C3A6164676B52 /* StreamReceiver.swift */ = {isa = PBXFileReference; lastKnownFileType = sourcecode.swift; path = StreamReceiver.swift; sourceTree = "<group>"; };
		D2E4431C59D597BF52127A83 /* CreateRoomView.swift */ = {isa = PBXFileReference; lastKnownFileType = sourcecode.swift; path = CreateRoomView.swift; sourceTree = "<group>"; };
		D59FA348EF1BEA0CC84F09F1 /* ProfileView.swift */ = {isa = PBXFileReference; lastKnownFileType = sourcecode.swift; path = ProfileView.swift; sourceTree = "<group>"; };
		D7857FDB754AF93473F323A2 /* Message.swift */ = {isa = PBXFileReference; lastKnownFileType = sourcecode.swift; path = Message.swift; sourceTree = "<group>"; };
		D95FDA47DB086FA69976C776 /* FriendProfileView.swift */ = {isa = PBXFileReference; lastKnownFileType = sourcecode.swift; path = FriendProfileView.swift; sourceTree = "<group>"; };
		DED94BC8228F9DAAA9BF906D /* MediaService.swift */ = {isa = PBXFileReference; lastKnownFileType = sourcecode.swift; path = MediaService.swift; sourceTree = "<group>"; };
		E128C8B765B0C020EC0EA191 /* SyncEngine.swift */ = {isa = PBXFileReference; lastKnownFileType = sourcecode.swift; path = SyncEngine.swift; sourceTree = "<group>"; };
		E1CA9C9031422037555A6B60 /* RaveClone.app */ = {isa = PBXFileReference; includeInIndex = 0; lastKnownFileType = wrapper.application; path = RaveClone.app; sourceTree = BUILT_PRODUCTS_DIR; };
		E1F82656721D83A63250E5CA /* VideoService.swift */ = {isa = PBXFileReference; lastKnownFileType = sourcecode.swift; path = VideoService.swift; sourceTree = "<group>"; };
		E4F234FC67FF722630804733 /* ReactionOverlayView.swift */ = {isa = PBXFileReference; lastKnownFileType = sourcecode.swift; path = ReactionOverlayView.swift; sourceTree = "<group>"; };
		E576A4029EBC2582E021060F /* Info.plist */ = {isa = PBXFileReference; lastKnownFileType = text.plist; path = Info.plist; sourceTree = "<group>"; };
		E59E9F97B53360C927E4676F /* LandscapeChatOverlay.swift */ = {isa = PBXFileReference; lastKnownFileType = sourcecode.swift; path = LandscapeChatOverlay.swift; sourceTree = "<group>"; };
		EEE9849758525D915AE3C36D /* RoomView.swift */ = {isa = PBXFileReference; lastKnownFileType = sourcecode.swift; path = RoomView.swift; sourceTree = "<group>"; };
		F0F5717CDB94AEF934CBCD5A /* FriendsView.swift */ = {isa = PBXFileReference; lastKnownFileType = sourcecode.swift; path = FriendsView.swift; sourceTree = "<group>"; };
		F2F31B02B5B562C605813ADF /* HomeView.swift */ = {isa = PBXFileReference; lastKnownFileType = sourcecode.swift; path = HomeView.swift; sourceTree = "<group>"; };
		F2FA8E5CBB81D85E79811B71 /* VoiceChatButton.swift */ = {isa = PBXFileReference; lastKnownFileType = sourcecode.swift; path = VoiceChatButton.swift; sourceTree = "<group>"; };
		FC8007086B50A8CE78651C0D /* RoomSyncManager.swift */ = {isa = PBXFileReference; lastKnownFileType = sourcecode.swift; path = RoomSyncManager.swift; sourceTree = "<group>"; };
/* End PBXFileReference section */

/* Begin PBXGroup section */
		1385792890BB6910154CD448 /* Settings */ = {
			isa = PBXGroup;
			children = (
				53FC4B8153D841B98948E9EB /* LanguagePickerView.swift */,
				1F0B187E251A2FDE35BF68E7 /* NotificationsView.swift */,
				994633B0C2AFC1C09204D179 /* PrivacySettingsView.swift */,
			);
			path = Settings;
			sourceTree = "<group>";
		};
		18C5D01EAB3C7D9C954EFE49 /* Models */ = {
			isa = PBXGroup;
			children = (
				68DAF438B10492F3C169E23A /* DirectMessage.swift */,
				23CC9F75B6414DDBB9E55C39 /* Friendship.swift */,
				4A47C1A6896E7A3B833F757F /* MediaItem.swift */,
				D7857FDB754AF93473F323A2 /* Message.swift */,
				9CCB9B759C386930C5A831CA /* Room.swift */,
				69EFAF1B4BDDE2A404146460 /* SyncEvents.swift */,
				9FC3F8AF009D602EAE1F1462 /* SyncState.swift */,
				8643D31675EED3B5AAF2A25E /* User.swift */,
				E1F82656721D83A63250E5CA /* VideoService.swift */,
				7CB5126BC98CA0E1266D5552 /* WatchHistory.swift */,
				BDE96074AAED77678F4CBD8E /* WebRTCConfig.swift */,
			);
			path = Models;
			sourceTree = "<group>";
		};
		1C98F88879B6C201A942B705 /* RaveClone */ = {
			isa = PBXGroup;
			children = (
				CA9B3880A4614193FEDB55AA /* Extensions */,
				92A2AF9D6922626AEF921BE0 /* Localization */,
				18C5D01EAB3C7D9C954EFE49 /* Models */,
				B65FD1245753DBEB8EBC29D9 /* Networking */,
				F82E166E4134AD4AE7869FB6 /* Protocols */,
				57AE3E1B0DC8C99DC2825A10 /* Resources */,
				70537C7C22962D77DE771A32 /* Services */,
				A218CDD78D1FFDE7BF878612 /* Utilities */,
				D2CBAF92018A6BF569C03D5F /* ViewModels */,
				846A60B32E6360DD56F5A95B /* Views */,
				60D729B17F73B8CC1AE43890 /* RaveCloneApp.swift */,
			);
			path = RaveClone;
			sourceTree = "<group>";
		};
		34B78BA3556A26AF70EEA193 /* Auth */ = {
			isa = PBXGroup;
			children = (
				44244A627DEFCD3DA3B0EA81 /* LoginView.swift */,
			);
			path = Auth;
			sourceTree = "<group>";
		};
		41F8C7A330D7D0624B3A9889 /* Room */ = {
			isa = PBXGroup;
			children = (
				CEB696B6DAC721FCDE126ED7 /* AdPlayerView.swift */,
				A726E12C7A3039878A7BB176 /* AmbilightBackground.swift */,
				4D55C6B0520EF2F1AA17FA04 /* ChatSlidePanel.swift */,
				838222038020A14C0DD9440F /* ControlsOverlay.swift */,
				979D84DA0CEED65F42AC7EA7 /* DanmakuView.swift */,
				E59E9F97B53360C927E4676F /* LandscapeChatOverlay.swift */,
				082CBB1C454B715B312F76F9 /* MarqueeMessageView.swift */,
				940F016B87C522152D6291E1 /* ParticipantListView.swift */,
				E4F234FC67FF722630804733 /* ReactionOverlayView.swift */,
				A87A184CB7457AEE8B1398AC /* ReactionSpriteOverlay.swift */,
				9969128144CA8E87D0977712 /* RoomChatView.swift */,
				EEE9849758525D915AE3C36D /* RoomView.swift */,
				85D93472A50EA204B6B7FC40 /* VideoContainerView.swift */,
			);
			path = Room;
			sourceTree = "<group>";
		};
		48522F5D541ABE722ADBE85A /* Home */ = {
			isa = PBXGroup;
			children = (
				D2E4431C59D597BF52127A83 /* CreateRoomView.swift */,
				F2F31B02B5B562C605813ADF /* HomeView.swift */,
				A85081D0400E25C7B4A44DC5 /* RoomCardView.swift */,
				6E0835B72E8AF928E8A4E539 /* RoomCreationView.swift */,
				460593308AF8A7BB9BC5A591 /* ServiceSelectionView.swift */,
				C49AC877BD59A0B007B8402F /* TrendingCardView.swift */,
				8C6F2572A4BF3D7EC6BA53A6 /* YouTubeSearchView.swift */,
			);
			path = Home;
			sourceTree = "<group>";
		};
		57AE3E1B0DC8C99DC2825A10 /* Resources */ = {
			isa = PBXGroup;
			children = (
				E576A4029EBC2582E021060F /* Info.plist */,
				9430F25D9F6836093F3D36EE /* PrivacyInfo.xcprivacy */,
				2ED21BFC965729B8C4646346 /* RaveClone.entitlements */,
			);
			path = Resources;
			sourceTree = "<group>";
		};
		5E1182A788BD39044F6AB2FB /* Components */ = {
			isa = PBXGroup;
			children = (
				BC04B45ED594B0302BE32A9C /* AnimatedGradientBackground.swift */,
				D0AC34EB654A85186BD15827 /* FloatingChatButton.swift */,
				8A98667B302B6FB106F2AEC1 /* MainTabView.swift */,
				4BFCE9BDEEF773EBC57EC6FF /* SyncIndicator.swift */,
				F2FA8E5CBB81D85E79811B71 /* VoiceChatButton.swift */,
			);
			path = Components;
			sourceTree = "<group>";
		};
		70537C7C22962D77DE771A32 /* Services */ = {
			isa = PBXGroup;
			children = (
				51FA248F2F9245F3A5F7EF3C /* AdSessionManager.swift */,
				C6DB687CED83B7DC7C2904BD /* AudioManager.swift */,
				334758CC9C1B18F18A869882 /* AuthService.swift */,
				130E20A853F66B9B554BB1C4 /* DeepLinkRouter.swift */,
				3F9C12F8F5FF93A608A67825 /* DMChatService.swift */,
				6DE0E6C2A79734B47DD97548 /* FriendManager.swift */,
				DED94BC8228F9DAAA9BF906D /* MediaService.swift */,
				BFD09B94110AB106DEB02E07 /* PremiumStatusManager.swift */,
				6016458868CD9D40E7843C47 /* RoomService.swift */,
				FC8007086B50A8CE78651C0D /* RoomSyncManager.swift */,
				BAC66861B9659C2C5FF25422 /* ScreenCaptureService.swift */,
				B085967BE3BBB62A5808F427 /* ShareManager.swift */,
				238F4F0FC946AB8EAD2A9CDF /* StoreManager.swift */,
				D238ABE7490C3A6164676B52 /* StreamReceiver.swift */,
				E128C8B765B0C020EC0EA191 /* SyncEngine.swift */,
				30FEB1ACC9E19F4A83FB50BB /* UserBlockManager.swift */,
				5C3B97B03F2BD06EF0C6CFEB /* VoiceChatService.swift */,
				0B276124E97B662B184CEFF9 /* YandexAuthService.swift */,
				8FD533DD1C11BCABFB5D4877 /* YouTubeSearchService.swift */,
			);
			path = Services;
			sourceTree = "<group>";
		};
		846A60B32E6360DD56F5A95B /* Views */ = {
			isa = PBXGroup;
			children = (
				34B78BA3556A26AF70EEA193 /* Auth */,
				E0D41CC57A838D9D05214318 /* Chat */,
				5E1182A788BD39044F6AB2FB /* Components */,
				B6F64F8B18E0CEE48B4D5111 /* Friends */,
				48522F5D541ABE722ADBE85A /* Home */,
				8FD6B8C961071AD706A5123A /* Premium */,
				C760FE176A9D8C8EBB18BCC6 /* Profile */,
				41F8C7A330D7D0624B3A9889 /* Room */,
				1385792890BB6910154CD448 /* Settings */,
			);
			path = Views;
			sourceTree = "<group>";
		};
		8FD6B8C961071AD706A5123A /* Premium */ = {
			isa = PBXGroup;
			children = (
				26A9678B405C48BA0677155C /* PaywallView.swift */,
			);
			path = Premium;
			sourceTree = "<group>";
		};
		92A2AF9D6922626AEF921BE0 /* Localization */ = {
			isa = PBXGroup;
			children = (
				C8567ECE49A3BF83BDE5E907 /* LocalizationManager.swift */,
			);
			path = Localization;
			sourceTree = "<group>";
		};
		A218CDD78D1FFDE7BF878612 /* Utilities */ = {
			isa = PBXGroup;
			children = (
				5CCC092A3544AF18A3C56F64 /* HapticManager.swift */,
				4E076EB5DF9A029A54D2597A /* Logger.swift */,
				117A1A448D6BB74CA13AA750 /* OrientationManager.swift */,
			);
			path = Utilities;
			sourceTree = "<group>";
		};
		B65FD1245753DBEB8EBC29D9 /* Networking */ = {
			isa = PBXGroup;
			children = (
				9A147FEE0746A2507EA69A0F /* APIClient.swift */,
				7F02E1A90CDC906605B76413 /* SignalingClient.swift */,
				AE04A1DB682ED317D9D635D2 /* SignalingMessage.swift */,
				905CD4A1F76C127D9B4DC411 /* WebSocketClient.swift */,
			);
			path = Networking;
			sourceTree = "<group>";
		};
		B6F64F8B18E0CEE48B4D5111 /* Friends */ = {
			isa = PBXGroup;
			children = (
				D95FDA47DB086FA69976C776 /* FriendProfileView.swift */,
				F0F5717CDB94AEF934CBCD5A /* FriendsView.swift */,
			);
			path = Friends;
			sourceTree = "<group>";
		};
		C760FE176A9D8C8EBB18BCC6 /* Profile */ = {
			isa = PBXGroup;
			children = (
				D59FA348EF1BEA0CC84F09F1 /* ProfileView.swift */,
			);
			path = Profile;
			sourceTree = "<group>";
		};
		CA9B3880A4614193FEDB55AA /* Extensions */ = {
			isa = PBXGroup;
			children = (
				C94BD4671B6CE3AB18722700 /* Color+Theme.swift */,
				563675CEE45634D681E69A7C /* View+Extensions.swift */,
			);
			path = Extensions;
			sourceTree = "<group>";
		};
		D2CBAF92018A6BF569C03D5F /* ViewModels */ = {
			isa = PBXGroup;
			children = (
				85649F83D4A3F2BA66DAED0C /* AuthViewModel.swift */,
				7C8584FEDE27650A9DAF7415 /* HomeViewModel.swift */,
				2CD8E53E91B821BFA6241C75 /* ProfileViewModel.swift */,
				653AA1ADB7DB9D61507C8A77 /* RoomViewModel.swift */,
			);
			path = ViewModels;
			sourceTree = "<group>";
		};
		DCE8922DEC5E698376BF8A85 /* Products */ = {
			isa = PBXGroup;
			children = (
				E1CA9C9031422037555A6B60 /* RaveClone.app */,
			);
			name = Products;
			sourceTree = "<group>";
		};
		E0D41CC57A838D9D05214318 /* Chat */ = {
			isa = PBXGroup;
			children = (
				48A3617681D1A333CBF82970 /* ChatView.swift */,
				9BFF4B8FE1436FC3310F64BE /* DMChatView.swift */,
			);
			path = Chat;
			sourceTree = "<group>";
		};
		F40623188C89365A0474110D = {
			isa = PBXGroup;
			children = (
				1C98F88879B6C201A942B705 /* RaveClone */,
				DCE8922DEC5E698376BF8A85 /* Products */,
			);
			sourceTree = "<group>";
		};
		F82E166E4134AD4AE7869FB6 /* Protocols */ = {
			isa = PBXGroup;
			children = (
				A95F4B5B35AEFD586A1324A1 /* ServiceProtocol.swift */,
			);
			path = Protocols;
			sourceTree = "<group>";
		};
/* End PBXGroup section */

/* Begin PBXNativeTarget section */
		8C3E960B5F316886764F7EC9 /* RaveClone */ = {
			isa = PBXNativeTarget;
			buildConfigurationList = FE7BD8B238850B47B3ED976A /* Build configuration list for PBXNativeTarget "RaveClone" */;
			buildPhases = (
				56494941A992A6A55A361DF5 /* Sources */,
				A21CB550408609C181520373 /* Resources */,
			);
			buildRules = (
			);
			dependencies = (
			);
			name = RaveClone;
			packageProductDependencies = (
			);
			productName = RaveClone;
			productReference = E1CA9C9031422037555A6B60 /* RaveClone.app */;
			productType = "com.apple.product-type.application";
		};
/* End PBXNativeTarget section */

/* Begin PBXProject section */
		63454CA3687C1A31B017D542 /* Project object */ = {
			isa = PBXProject;
			attributes = {
				BuildIndependentTargetsInParallel = YES;
				LastUpgradeCheck = 1600;
				TargetAttributes = {
					8C3E960B5F316886764F7EC9 = {
						DevelopmentTeam = 2QAMUC4Z4P;
						ProvisioningStyle = Automatic;
					};
				};
			};
			buildConfigurationList = 3F71D3376EF8B0D03C27A18E /* Build configuration list for PBXProject "RaveClone" */;
			developmentRegion = en;
			hasScannedForEncodings = 0;
			knownRegions = (
				Base,
				en,
			);
			mainGroup = F40623188C89365A0474110D;
			minimizedProjectReferenceProxies = 1;
			preferredProjectObjectVersion = 77;
			productRefGroup = DCE8922DEC5E698376BF8A85 /* Products */;
			projectDirPath = "";
			projectRoot = "";
			targets = (
				8C3E960B5F316886764F7EC9 /* RaveClone */,
			);
		};
/* End PBXProject section */

/* Begin PBXResourcesBuildPhase section */
		A21CB550408609C181520373 /* Resources */ = {
			isa = PBXResourcesBuildPhase;
			buildActionMask = 2147483647;
			files = (
				D561A49969C3750DDBFA52B1 /* PrivacyInfo.xcprivacy in Resources */,
			);
			runOnlyForDeploymentPostprocessing = 0;
		};
/* End PBXResourcesBuildPhase section */

/* Begin PBXSourcesBuildPhase section */
		56494941A992A6A55A361DF5 /* Sources */ = {
			isa = PBXSourcesBuildPhase;
			buildActionMask = 2147483647;
			files = (
				5F40D410A597E08BCCE7BBD0 /* APIClient.swift in Sources */,
				C3BE0417A751D01ED19575AF /* AdPlayerView.swift in Sources */,
				C6651DA6FA885CF31242ABA5 /* AdSessionManager.swift in Sources */,
				E3EE2F86D54AF8BF882D7BBE /* AmbilightBackground.swift in Sources */,
				FFD77CD1EAE9919D32190531 /* AnimatedGradientBackground.swift in Sources */,
				3013406E55FF740CDBA7AE57 /* AudioManager.swift in Sources */,
				4E4E6084769486D653EC6A37 /* AuthService.swift in Sources */,
				CFDC4BF3FAC850CD01D1C937 /* AuthViewModel.swift in Sources */,
				62574409449EFE9F5C316A6F /* ChatSlidePanel.swift in Sources */,
				8282FE99D0BE382628DD98F1 /* ChatView.swift in Sources */,
				D71DFBAE73919705F0D9AA90 /* Color+Theme.swift in Sources */,
				E77043056D76FF23DB53EB71 /* ControlsOverlay.swift in Sources */,
				C378A0ADB1B162696B5FDB7F /* CreateRoomView.swift in Sources */,
				70356C90AD99AFEFC120C038 /* DMChatService.swift in Sources */,
				A036897143716AE11A292A9B /* DMChatView.swift in Sources */,
				49763472864AE37C80CFBBE3 /* DanmakuView.swift in Sources */,
				2CD855431CBFFFC854BAAC45 /* DeepLinkRouter.swift in Sources */,
				5111A322DDD7646EBF2D8C4F /* DirectMessage.swift in Sources */,
				94CBE8FF40C415DC82F12BD4 /* FloatingChatButton.swift in Sources */,
				946C357DF18F52D115DDFB12 /* FriendManager.swift in Sources */,
				B61ED406F6B357C0B0765FA9 /* FriendProfileView.swift in Sources */,
				736410B55193897EB5C64585 /* FriendsView.swift in Sources */,
				3D945CCCB7E79CC70DDB5682 /* Friendship.swift in Sources */,
				0D1985946345B54B6A0FCAC0 /* HapticManager.swift in Sources */,
				D39924FCE51CD12E179B1B7B /* HomeView.swift in Sources */,
				BB99441DCDC7B8CD68911CD2 /* HomeViewModel.swift in Sources */,
				6BC133763F9F207B5D523A65 /* LandscapeChatOverlay.swift in Sources */,
				AD574DB171CC3A8A6F941DF1 /* LanguagePickerView.swift in Sources */,
				50B075591935D650B0C10DA9 /* LocalizationManager.swift in Sources */,
				B18B96046E8F4AB061E711D7 /* Logger.swift in Sources */,
				FCF748DEE7B302FC39CDE341 /* LoginView.swift in Sources */,
				3BFF641178503BCED9BC09A1 /* MainTabView.swift in Sources */,
				B9CC9ACFDB99184229E2DFB9 /* MarqueeMessageView.swift in Sources */,
				C9BA46FA8AA81450EDD18F15 /* MediaItem.swift in Sources */,
				DEFB9DBE4E85C285281737F8 /* MediaService.swift in Sources */,
				CB2FF0009F8F3DDC33706A09 /* Message.swift in Sources */,
				E1579949B0C31E39540C2A0E /* NotificationsView.swift in Sources */,
				63359024DD4086B40DC9FE15 /* OrientationManager.swift in Sources */,
				6550348488CA723607FC397A /* ParticipantListView.swift in Sources */,
				88465912151516CA1A001497 /* PaywallView.swift in Sources */,
				0F8D98351BD5A0DC7250DB62 /* PremiumStatusManager.swift in Sources */,
				61FA509C65FAC2E2D7CC9513 /* PrivacySettingsView.swift in Sources */,
				5696E16FA094A48C9C026683 /* ProfileView.swift in Sources */,
				06569C1005894C5F909A5E51 /* ProfileViewModel.swift in Sources */,
				26ACE5D046D5E23D8F20A323 /* RaveCloneApp.swift in Sources */,
				2E7B0E21130ACFF43932DEBE /* ReactionOverlayView.swift in Sources */,
				FCDC992D82BA5377030DE26A /* ReactionSpriteOverlay.swift in Sources */,
				CB29E66E091FDBA651AB41BE /* Room.swift in Sources */,
				B1A917A762FE12964E70E14F /* RoomCardView.swift in Sources */,
				B89D1F44C1C3CD62C8DAD980 /* RoomChatView.swift in Sources */,
				2F547B267E3E44139D194635 /* RoomCreationView.swift in Sources */,
				139DDB3645896E8C385602B8 /* RoomService.swift in Sources */,
				F8117ABC4F18289421795E9A /* RoomSyncManager.swift in Sources */,
				9E8D1CE4828BA9D29A4732DF /* RoomView.swift in Sources */,
				69A3790D4EBF53B4AC5FE92B /* RoomViewModel.swift in Sources */,
				5C1FCA5E90A00770972EDEA0 /* ScreenCaptureService.swift in Sources */,
				1A3CBD5B09F4378611C4B801 /* ServiceProtocol.swift in Sources */,
				A7F6E356CF803AC809763DE9 /* ServiceSelectionView.swift in Sources */,
				9509B0CD5DFE3AC0BA4E2C2A /* ShareManager.swift in Sources */,
				3DE39C12C944E764D07E84C2 /* SignalingClient.swift in Sources */,
				0354DE932303F7555F386724 /* SignalingMessage.swift in Sources */,
				E26F51CE67242D59991AC03A /* StoreManager.swift in Sources */,
				84FE4CE0D74F1D62F6C37554 /* StreamReceiver.swift in Sources */,
				9BABF5C51E7A49AC0C2E9B7F /* SyncEngine.swift in Sources */,
				0BDC43DADABB9F70FD83EA85 /* SyncEvents.swift in Sources */,
				81CF31847702C2B178AAF40E /* SyncIndicator.swift in Sources */,
				BD80FBF72D848EA14C0A590C /* SyncState.swift in Sources */,
				C8174161996E4A595E342480 /* TrendingCardView.swift in Sources */,
				1DDE05BA232E8498047005CA /* User.swift in Sources */,
				9D18BA499326488E23ADB91A /* UserBlockManager.swift in Sources */,
				5D4C89DCF5C08B1823100926 /* VideoContainerView.swift in Sources */,
				4EF070277E53AB322675AC07 /* VideoService.swift in Sources */,
				82B385BD67B0F4120CE0EEFC /* View+Extensions.swift in Sources */,
				C3B2E96EF57378BFDA87B7B5 /* VoiceChatButton.swift in Sources */,
				E8AE51E8993AF8DF4AE4DEC5 /* VoiceChatService.swift in Sources */,
				D5F34814A0665739C68C02C7 /* WatchHistory.swift in Sources */,
				908BA3D3F6EE2381FBD873C3 /* WebRTCConfig.swift in Sources */,
				80FFC8F1D0BFD1F78CCED063 /* WebSocketClient.swift in Sources */,
				184D3F46C6097A30D65BC209 /* YandexAuthService.swift in Sources */,
				88877BF0880B25040FAD75C2 /* YouTubeSearchService.swift in Sources */,
				B1B5F45D26F2139B2C94E0AB /* YouTubeSearchView.swift in Sources */,
			);
			runOnlyForDeploymentPostprocessing = 0;
		};
/* End PBXSourcesBuildPhase section */

/* Begin XCBuildConfiguration section */
		52981DCCD9578A842EF6BEAE /* Debug */ = {
			isa = XCBuildConfiguration;
			buildSettings = {
				ASSETCATALOG_COMPILER_APPICON_NAME = AppIcon;
				CODE_SIGN_ENTITLEMENTS = RaveClone/Resources/RaveClone.entitlements;
				CODE_SIGN_IDENTITY = "Apple Development";
				DEVELOPMENT_TEAM = 2QAMUC4Z4P;
				INFOPLIST_FILE = RaveClone/Resources/Info.plist;
				LD_RUNPATH_SEARCH_PATHS = (
					"$(inherited)",
					"@executable_path/Frameworks",
				);
				PRODUCT_BUNDLE_IDENTIFIER = com.syncwatch.raveclone;
				SDKROOT = iphoneos;
				SUPPORTS_MACCATALYST = NO;
				TARGETED_DEVICE_FAMILY = "1,2";
			};
			name = Debug;
		};
		AB1401C354636DB286602840 /* Release */ = {
			isa = XCBuildConfiguration;
			buildSettings = {
				ALWAYS_SEARCH_USER_PATHS = NO;
				CLANG_ANALYZER_NONNULL = YES;
				CLANG_ANALYZER_NUMBER_OBJECT_CONVERSION = YES_AGGRESSIVE;
				CLANG_CXX_LANGUAGE_STANDARD = "gnu++14";
				CLANG_CXX_LIBRARY = "libc++";
				CLANG_ENABLE_MODULES = YES;
				CLANG_ENABLE_OBJC_ARC = YES;
				CLANG_ENABLE_OBJC_WEAK = YES;
				CLANG_WARN_BLOCK_CAPTURE_AUTORELEASING = YES;
				CLANG_WARN_BOOL_CONVERSION = YES;
				CLANG_WARN_COMMA = YES;
				CLANG_WARN_CONSTANT_CONVERSION = YES;
				CLANG_WARN_DEPRECATED_OBJC_IMPLEMENTATIONS = YES;
				CLANG_WARN_DIRECT_OBJC_ISA_USAGE = YES_ERROR;
				CLANG_WARN_DOCUMENTATION_COMMENTS = YES;
				CLANG_WARN_EMPTY_BODY = YES;
				CLANG_WARN_ENUM_CONVERSION = YES;
				CLANG_WARN_INFINITE_RECURSION = YES;
				CLANG_WARN_INT_CONVERSION = YES;
				CLANG_WARN_NON_LITERAL_NULL_CONVERSION = YES;
				CLANG_WARN_OBJC_IMPLICIT_RETAIN_SELF = YES;
				CLANG_WARN_OBJC_LITERAL_CONVERSION = YES;
				CLANG_WARN_OBJC_ROOT_CLASS = YES_ERROR;
				CLANG_WARN_QUOTED_INCLUDE_IN_FRAMEWORK_HEADER = YES;
				CLANG_WARN_RANGE_LOOP_ANALYSIS = YES;
				CLANG_WARN_STRICT_PROTOTYPES = YES;
				CLANG_WARN_SUSPICIOUS_MOVE = YES;
				CLANG_WARN_UNGUARDED_AVAILABILITY = YES_AGGRESSIVE;
				CLANG_WARN_UNREACHABLE_CODE = YES;
				CLANG_WARN__DUPLICATE_METHOD_MATCH = YES;
				CODE_SIGN_STYLE = Automatic;
				COPY_PHASE_STRIP = NO;
				CURRENT_PROJECT_VERSION = 1;
				DEBUG_INFORMATION_FORMAT = "dwarf-with-dsym";
				DEVELOPMENT_TEAM = 2QAMUC4Z4P;
				ENABLE_NS_ASSERTIONS = NO;
				ENABLE_STRICT_OBJC_MSGSEND = YES;
				ENABLE_USER_SCRIPT_SANDBOXING = NO;
				GCC_C_LANGUAGE_STANDARD = gnu11;
				GCC_NO_COMMON_BLOCKS = YES;
				GCC_WARN_64_TO_32_BIT_CONVERSION = YES;
				GCC_WARN_ABOUT_RETURN_TYPE = YES_ERROR;
				GCC_WARN_UNDECLARED_SELECTOR = YES;
				GCC_WARN_UNINITIALIZED_AUTOS = YES_AGGRESSIVE;
				GCC_WARN_UNUSED_FUNCTION = YES;
				GCC_WARN_UNUSED_VARIABLE = YES;
				IPHONEOS_DEPLOYMENT_TARGET = 17.0;
				MARKETING_VERSION = 1.0;
				MTL_ENABLE_DEBUG_INFO = NO;
				MTL_FAST_MATH = YES;
				OTHER_LDFLAGS = "";
				PRODUCT_NAME = "$(TARGET_NAME)";
				SDKROOT = iphoneos;
				SWIFT_COMPILATION_MODE = wholemodule;
				SWIFT_OPTIMIZATION_LEVEL = "-O";
				SWIFT_VERSION = 5.9;
				TARGETED_DEVICE_FAMILY = "1,2";
			};
			name = Release;
		};
		EED67D4C6E3BE76E4BC738F0 /* Release */ = {
			isa = XCBuildConfiguration;
			buildSettings = {
				ASSETCATALOG_COMPILER_APPICON_NAME = AppIcon;
				CODE_SIGN_ENTITLEMENTS = RaveClone/Resources/RaveClone.entitlements;
				CODE_SIGN_IDENTITY = "Apple Development";
				DEVELOPMENT_TEAM = 2QAMUC4Z4P;
				INFOPLIST_FILE = RaveClone/Resources/Info.plist;
				LD_RUNPATH_SEARCH_PATHS = (
					"$(inherited)",
					"@executable_path/Frameworks",
				);
				PRODUCT_BUNDLE_IDENTIFIER = com.syncwatch.raveclone;
				SDKROOT = iphoneos;
				SUPPORTS_MACCATALYST = NO;
				TARGETED_DEVICE_FAMILY = "1,2";
			};
			name = Release;
		};
		F930E69358832FE6504DE20B /* Debug */ = {
			isa = XCBuildConfiguration;
			buildSettings = {
				ALWAYS_SEARCH_USER_PATHS = NO;
				CLANG_ANALYZER_NONNULL = YES;
				CLANG_ANALYZER_NUMBER_OBJECT_CONVERSION = YES_AGGRESSIVE;
				CLANG_CXX_LANGUAGE_STANDARD = "gnu++14";
				CLANG_CXX_LIBRARY = "libc++";
				CLANG_ENABLE_MODULES = YES;
				CLANG_ENABLE_OBJC_ARC = YES;
				CLANG_ENABLE_OBJC_WEAK = YES;
				CLANG_WARN_BLOCK_CAPTURE_AUTORELEASING = YES;
				CLANG_WARN_BOOL_CONVERSION = YES;
				CLANG_WARN_COMMA = YES;
				CLANG_WARN_CONSTANT_CONVERSION = YES;
				CLANG_WARN_DEPRECATED_OBJC_IMPLEMENTATIONS = YES;
				CLANG_WARN_DIRECT_OBJC_ISA_USAGE = YES_ERROR;
				CLANG_WARN_DOCUMENTATION_COMMENTS = YES;
				CLANG_WARN_EMPTY_BODY = YES;
				CLANG_WARN_ENUM_CONVERSION = YES;
				CLANG_WARN_INFINITE_RECURSION = YES;
				CLANG_WARN_INT_CONVERSION = YES;
				CLANG_WARN_NON_LITERAL_NULL_CONVERSION = YES;
				CLANG_WARN_OBJC_IMPLICIT_RETAIN_SELF = YES;
				CLANG_WARN_OBJC_LITERAL_CONVERSION = YES;
				CLANG_WARN_OBJC_ROOT_CLASS = YES_ERROR;
				CLANG_WARN_QUOTED_INCLUDE_IN_FRAMEWORK_HEADER = YES;
				CLANG_WARN_RANGE_LOOP_ANALYSIS = YES;
				CLANG_WARN_STRICT_PROTOTYPES = YES;
				CLANG_WARN_SUSPICIOUS_MOVE = YES;
				CLANG_WARN_UNGUARDED_AVAILABILITY = YES_AGGRESSIVE;
				CLANG_WARN_UNREACHABLE_CODE = YES;
				CLANG_WARN__DUPLICATE_METHOD_MATCH = YES;
				CODE_SIGN_STYLE = Automatic;
				COPY_PHASE_STRIP = NO;
				CURRENT_PROJECT_VERSION = 1;
				DEBUG_INFORMATION_FORMAT = dwarf;
				DEVELOPMENT_TEAM = 2QAMUC4Z4P;
				ENABLE_STRICT_OBJC_MSGSEND = YES;
				ENABLE_TESTABILITY = YES;
				ENABLE_USER_SCRIPT_SANDBOXING = NO;
				GCC_C_LANGUAGE_STANDARD = gnu11;
				GCC_DYNAMIC_NO_PIC = NO;
				GCC_NO_COMMON_BLOCKS = YES;
				GCC_OPTIMIZATION_LEVEL = 0;
				GCC_PREPROCESSOR_DEFINITIONS = (
					"$(inherited)",
					"DEBUG=1",
				);
				GCC_WARN_64_TO_32_BIT_CONVERSION = YES;
				GCC_WARN_ABOUT_RETURN_TYPE = YES_ERROR;
				GCC_WARN_UNDECLARED_SELECTOR = YES;
				GCC_WARN_UNINITIALIZED_AUTOS = YES_AGGRESSIVE;
				GCC_WARN_UNUSED_FUNCTION = YES;
				GCC_WARN_UNUSED_VARIABLE = YES;
				IPHONEOS_DEPLOYMENT_TARGET = 17.0;
				MARKETING_VERSION = 1.0;
				MTL_ENABLE_DEBUG_INFO = INCLUDE_SOURCE;
				MTL_FAST_MATH = YES;
				ONLY_ACTIVE_ARCH = YES;
				OTHER_LDFLAGS = "";
				PRODUCT_NAME = "$(TARGET_NAME)";
				SDKROOT = iphoneos;
				SWIFT_ACTIVE_COMPILATION_CONDITIONS = DEBUG;
				SWIFT_OPTIMIZATION_LEVEL = "-Onone";
				SWIFT_VERSION = 5.9;
				TARGETED_DEVICE_FAMILY = "1,2";
			};
			name = Debug;
		};
/* End XCBuildConfiguration section */

/* Begin XCConfigurationList section */
		3F71D3376EF8B0D03C27A18E /* Build configuration list for PBXProject "RaveClone" */ = {
			isa = XCConfigurationList;
			buildConfigurations = (
				F930E69358832FE6504DE20B /* Debug */,
				AB1401C354636DB286602840 /* Release */,
			);
			defaultConfigurationIsVisible = 0;
			defaultConfigurationName = Debug;
		};
		FE7BD8B238850B47B3ED976A /* Build configuration list for PBXNativeTarget "RaveClone" */ = {
			isa = XCConfigurationList;
			buildConfigurations = (
				52981DCCD9578A842EF6BEAE /* Debug */,
				EED67D4C6E3BE76E4BC738F0 /* Release */,
			);
			defaultConfigurationIsVisible = 0;
			defaultConfigurationName = Debug;
		};
/* End XCConfigurationList section */
	};
	rootObject = 63454CA3687C1A31B017D542 /* Project object */;
}
